
Microsoft Visual Studio Solution File, Format Version 12.00
# Visual Studio 2012
Project("{FAE04EC0-301F-11D3-BF4B-00C04F79EFBC}") = "Task01Arrays20IntIndexX5", "Task01Arrays20IntIndexX5\Task01Arrays20IntIndexX5.csproj", "{68C59678-5B7F-4F76-ACB3-9701B2CFF264}"
EndProject
Project("{FAE04EC0-301F-11D3-BF4B-00C04F79EFBC}") = "Task02ArraysCompareTwoArrays", "Task02ArraysCompareTwoArrays\Task02ArraysCompareTwoArrays.csproj", "{A410D71C-F695-4B08-A52C-421B4563B2A0}"
EndProject
Project("{FAE04EC0-301F-11D3-BF4B-00C04F79EFBC}") = "Task03ArraysCompateTwoCharArrays", "Task03ArraysCompateTwoCharArrays\Task03ArraysCompateTwoCharArrays.csproj", "{EAE3E34A-7CD1-4008-A427-DA829B1562E8}"
EndProject
Project("{FAE04EC0-301F-11D3-BF4B-00C04F79EFBC}") = "Task04ArraysMaxSeqOfEqual", "Task04ArraysMaxSeqOf Equal\Task04ArraysMaxSeqOfEqual.csproj", "{91224985-976C-41F9-9530-69B7032A9FEF}"
EndProject
Project("{FAE04EC0-301F-11D3-BF4B-00C04F79EFBC}") = "Task05ArraysMaxIncrSeq", "Task05ArraysMaxIncrSeq\Task05ArraysMaxIncrSeq.csproj", "{90F58D53-52EE-4FDB-82C9-196FBAC88169}"
EndProject
Project("{FAE04EC0-301F-11D3-BF4B-00C04F79EFBC}") = "Task06ArraysMaxSumOfKElementsInArray", "Task06ArraysMaxSumOfKElementsInArray\Task06ArraysMaxSumOfKElementsInArray.csproj", "{ECB9185A-C993-4697-B06C-52DA3586B3B2}"
EndProject
Project("{FAE04EC0-301F-11D3-BF4B-00C04F79EFBC}") = "Task07ArraysSelectionSort", "Task07ArraysSelectionSort\Task07ArraysSelectionSort.csproj", "{8B502ED9-32E8-4BE8-8902-2FCB22E4669E}"
EndProject
Project("{FAE04EC0-301F-11D3-BF4B-00C04F79EFBC}") = "Task08ArraysSeqOfMaxSum", "Task08ArraysSeqOfMaxSum\Task08ArraysSeqOfMaxSum.csproj", "{40B31C80-FB20-4838-8160-484B3061153B}"
EndProject
Project("{FAE04EC0-301F-11D3-BF4B-00C04F79EFBC}") = "Task09ArraysMostFreqNum", "Task09ArraysMostFreqNum\Task09ArraysMostFreqNum.csproj", "{3387FB90-B431-48DC-821B-C9A91F36139B}"
EndProject
Project("{FAE04EC0-301F-11D3-BF4B-00C04F79EFBC}") = "Task10ArraysSeqOfGivenSum", "Task10ArraysSeqOfGivenSum\Task10ArraysSeqOfGivenSum.csproj", "{777BBFEB-D7EF-4500-8990-DE5FDDD69934}"
EndProject
Global
	GlobalSection(SolutionConfigurationPlatforms) = preSolution
		Debug|Any CPU = Debug|Any CPU
		Release|Any CPU = Release|Any CPU
	EndGlobalSection
	GlobalSection(ProjectConfigurationPlatforms) = postSolution
		{68C59678-5B7F-4F76-ACB3-9701B2CFF264}.Debug|Any CPU.ActiveCfg = Debug|Any CPU
		{68C59678-5B7F-4F76-ACB3-9701B2CFF264}.Debug|Any CPU.Build.0 = Debug|Any CPU
		{68C59678-5B7F-4F76-ACB3-9701B2CFF264}.Release|Any CPU.ActiveCfg = Release|Any CPU
		{68C59678-5B7F-4F76-ACB3-9701B2CFF264}.Release|Any CPU.Build.0 = Release|Any CPU
		{A410D71C-F695-4B08-A52C-421B4563B2A0}.Debug|Any CPU.ActiveCfg = Debug|Any CPU
		{A410D71C-F695-4B08-A52C-421B4563B2A0}.Debug|Any CPU.Build.0 = Debug|Any CPU
		{A410D71C-F695-4B08-A52C-421B4563B2A0}.Release|Any CPU.ActiveCfg = Release|Any CPU
		{A410D71C-F695-4B08-A52C-421B4563B2A0}.Release|Any CPU.Build.0 = Release|Any CPU
		{EAE3E34A-7CD1-4008-A427-DA829B1562E8}.Debug|Any CPU.ActiveCfg = Debug|Any CPU
		{EAE3E34A-7CD1-4008-A427-DA829B1562E8}.Debug|Any CPU.Build.0 = Debug|Any CPU
		{EAE3E34A-7CD1-4008-A427-DA829B1562E8}.Release|Any CPU.ActiveCfg = Release|Any CPU
		{EAE3E34A-7CD1-4008-A427-DA829B1562E8}.Release|Any CPU.Build.0 = Release|Any CPU
		{91224985-976C-41F9-9530-69B7032A9FEF}.Debug|Any CPU.ActiveCfg = Debug|Any CPU
		{91224985-976C-41F9-9530-69B7032A9FEF}.Debug|Any CPU.Build.0 = Debug|Any CPU
		{91224985-976C-41F9-9530-69B7032A9FEF}.Release|Any CPU.ActiveCfg = Release|Any CPU
		{91224985-976C-41F9-9530-69B7032A9FEF}.Release|Any CPU.Build.0 = Release|Any CPU
		{90F58D53-52EE-4FDB-82C9-196FBAC88169}.Debug|Any CPU.ActiveCfg = Debug|Any CPU
		{90F58D53-52EE-4FDB-82C9-196FBAC88169}.Debug|Any CPU.Build.0 = Debug|Any CPU
		{90F58D53-52EE-4FDB-82C9-196FBAC88169}.Release|Any CPU.ActiveCfg = Release|Any CPU
		{90F58D53-52EE-4FDB-82C9-196FBAC88169}.Release|Any CPU.Build.0 = Release|Any CPU
		{ECB9185A-C993-4697-B06C-52DA3586B3B2}.Debug|Any CPU.ActiveCfg = Debug|Any CPU
		{ECB9185A-C993-4697-B06C-52DA3586B3B2}.Debug|Any CPU.Build.0 = Debug|Any CPU
		{ECB9185A-C993-4697-B06C-52DA3586B3B2}.Release|Any CPU.ActiveCfg = Release|Any CPU
		{ECB9185A-C993-4697-B06C-52DA3586B3B2}.Release|Any CPU.Build.0 = Release|Any CPU
		{8B502ED9-32E8-4BE8-8902-2FCB22E4669E}.Debug|Any CPU.ActiveCfg = Debug|Any CPU
		{8B502ED9-32E8-4BE8-8902-2FCB22E4669E}.Debug|Any CPU.Build.0 = Debug|Any CPU
		{8B502ED9-32E8-4BE8-8902-2FCB22E4669E}.Release|Any CPU.ActiveCfg = Release|Any CPU
		{8B502ED9-32E8-4BE8-8902-2FCB22E4669E}.Release|Any CPU.Build.0 = Release|Any CPU
		{40B31C80-FB20-4838-8160-484B3061153B}.Debug|Any CPU.ActiveCfg = Debug|Any CPU
		{40B31C80-FB20-4838-8160-484B3061153B}.Debug|Any CPU.Build.0 = Debug|Any CPU
		{40B31C80-FB20-4838-8160-484B3061153B}.Release|Any CPU.ActiveCfg = Release|Any CPU
		{40B31C80-FB20-4838-8160-484B3061153B}.Release|Any CPU.Build.0 = Release|Any CPU
		{3387FB90-B431-48DC-821B-C9A91F36139B}.Debug|Any CPU.ActiveCfg = Debug|Any CPU
		{3387FB90-B431-48DC-821B-C9A91F36139B}.Debug|Any CPU.Build.0 = Debug|Any CPU
		{3387FB90-B431-48DC-821B-C9A91F36139B}.Release|Any CPU.ActiveCfg = Release|Any CPU
		{3387FB90-B431-48DC-821B-C9A91F36139B}.Release|Any CPU.Build.0 = Release|Any CPU
		{777BBFEB-D7EF-4500-8990-DE5FDDD69934}.Debug|Any CPU.ActiveCfg = Debug|Any CPU
		{777BBFEB-D7EF-4500-8990-DE5FDDD69934}.Debug|Any CPU.Build.0 = Debug|Any CPU
		{777BBFEB-D7EF-4500-8990-DE5FDDD69934}.Release|Any CPU.ActiveCfg = Release|Any CPU
		{777BBFEB-D7EF-4500-8990-DE5FDDD69934}.Release|Any CPU.Build.0 = Release|Any CPU
	EndGlobalSection
	GlobalSection(SolutionProperties) = preSolution
		HideSolutionNode = FALSE
	EndGlobalSection
EndGlobal
