
Microsoft Visual Studio Solution File, Format Version 12.00
# Visual Studio 2012
Project("{FAE04EC0-301F-11D3-BF4B-00C04F79EFBC}") = "02.TestAritmeticOperations", "10.CodeOptimization02an03\02.TestAritmeticOperations.csproj", "{0FAF9FC7-BEAC-47B9-89CB-99A387C94B19}"
EndProject
Project("{FAE04EC0-301F-11D3-BF4B-00C04F79EFBC}") = "03.TestMathOperations", "03.TestMathOperations\03.TestMathOperations.csproj", "{7410DFA7-FF44-4652-A73D-E75114C60E83}"
EndProject
Global
	GlobalSection(SolutionConfigurationPlatforms) = preSolution
		Debug|Any CPU = Debug|Any CPU
		Release|Any CPU = Release|Any CPU
	EndGlobalSection
	GlobalSection(ProjectConfigurationPlatforms) = postSolution
		{0FAF9FC7-BEAC-47B9-89CB-99A387C94B19}.Debug|Any CPU.ActiveCfg = Debug|Any CPU
		{0FAF9FC7-BEAC-47B9-89CB-99A387C94B19}.Debug|Any CPU.Build.0 = Debug|Any CPU
		{0FAF9FC7-BEAC-47B9-89CB-99A387C94B19}.Release|Any CPU.ActiveCfg = Release|Any CPU
		{0FAF9FC7-BEAC-47B9-89CB-99A387C94B19}.Release|Any CPU.Build.0 = Release|Any CPU
		{7410DFA7-FF44-4652-A73D-E75114C60E83}.Debug|Any CPU.ActiveCfg = Debug|Any CPU
		{7410DFA7-FF44-4652-A73D-E75114C60E83}.Debug|Any CPU.Build.0 = Debug|Any CPU
		{7410DFA7-FF44-4652-A73D-E75114C60E83}.Release|Any CPU.ActiveCfg = Release|Any CPU
		{7410DFA7-FF44-4652-A73D-E75114C60E83}.Release|Any CPU.Build.0 = Release|Any CPU
	EndGlobalSection
	GlobalSection(SolutionProperties) = preSolution
		HideSolutionNode = FALSE
	EndGlobalSection
EndGlobal
