
Microsoft Visual Studio Solution File, Format Version 12.00
# Visual Studio 2012
Project("{FAE04EC0-301F-11D3-BF4B-00C04F79EFBC}") = "StructurePoint3D", "StructurePoint3D\StructurePoint3D.csproj", "{14B4A32C-6D00-42BE-959C-D6C18CD2C01A}"
EndProject
Project("{FAE04EC0-301F-11D3-BF4B-00C04F79EFBC}") = "GenericList", "GenericList\GenericList.csproj", "{04F10ADB-FA43-4380-BAF3-E5E21DF2E24E}"
EndProject
Project("{FAE04EC0-301F-11D3-BF4B-00C04F79EFBC}") = "Matrix", "Matrix\Matrix.csproj", "{3156DCD7-4569-431C-84EE-129838A1A49C}"
EndProject
Project("{FAE04EC0-301F-11D3-BF4B-00C04F79EFBC}") = "Atributes", "Atributes\Atributes.csproj", "{51B7C046-998D-4A44-B686-C6AB7D90A79F}"
EndProject
Global
	GlobalSection(SolutionConfigurationPlatforms) = preSolution
		Debug|Any CPU = Debug|Any CPU
		Release|Any CPU = Release|Any CPU
	EndGlobalSection
	GlobalSection(ProjectConfigurationPlatforms) = postSolution
		{14B4A32C-6D00-42BE-959C-D6C18CD2C01A}.Debug|Any CPU.ActiveCfg = Debug|Any CPU
		{14B4A32C-6D00-42BE-959C-D6C18CD2C01A}.Debug|Any CPU.Build.0 = Debug|Any CPU
		{14B4A32C-6D00-42BE-959C-D6C18CD2C01A}.Release|Any CPU.ActiveCfg = Release|Any CPU
		{14B4A32C-6D00-42BE-959C-D6C18CD2C01A}.Release|Any CPU.Build.0 = Release|Any CPU
		{04F10ADB-FA43-4380-BAF3-E5E21DF2E24E}.Debug|Any CPU.ActiveCfg = Debug|Any CPU
		{04F10ADB-FA43-4380-BAF3-E5E21DF2E24E}.Debug|Any CPU.Build.0 = Debug|Any CPU
		{04F10ADB-FA43-4380-BAF3-E5E21DF2E24E}.Release|Any CPU.ActiveCfg = Release|Any CPU
		{04F10ADB-FA43-4380-BAF3-E5E21DF2E24E}.Release|Any CPU.Build.0 = Release|Any CPU
		{3156DCD7-4569-431C-84EE-129838A1A49C}.Debug|Any CPU.ActiveCfg = Debug|Any CPU
		{3156DCD7-4569-431C-84EE-129838A1A49C}.Debug|Any CPU.Build.0 = Debug|Any CPU
		{3156DCD7-4569-431C-84EE-129838A1A49C}.Release|Any CPU.ActiveCfg = Release|Any CPU
		{3156DCD7-4569-431C-84EE-129838A1A49C}.Release|Any CPU.Build.0 = Release|Any CPU
		{51B7C046-998D-4A44-B686-C6AB7D90A79F}.Debug|Any CPU.ActiveCfg = Debug|Any CPU
		{51B7C046-998D-4A44-B686-C6AB7D90A79F}.Debug|Any CPU.Build.0 = Debug|Any CPU
		{51B7C046-998D-4A44-B686-C6AB7D90A79F}.Release|Any CPU.ActiveCfg = Release|Any CPU
		{51B7C046-998D-4A44-B686-C6AB7D90A79F}.Release|Any CPU.Build.0 = Release|Any CPU
	EndGlobalSection
	GlobalSection(SolutionProperties) = preSolution
		HideSolutionNode = FALSE
	EndGlobalSection
EndGlobal
