
Microsoft Visual Studio Solution File, Format Version 12.00
# Visual Studio 2012
Project("{FAE04EC0-301F-11D3-BF4B-00C04F79EFBC}") = "1.StrudentsSortedDictionaryAlphabet", "1.StrudentsSortedDictionaryAlphabet\1.StrudentsSortedDictionaryAlphabet.csproj", "{D8EFE36A-9C0B-4636-BC1C-2DC5A8D31191}"
EndProject
Project("{FAE04EC0-301F-11D3-BF4B-00C04F79EFBC}") = "2.MillionsArticlesOrderedMultiDictionary", "2.MillionsArticlesOrderedMultiDictionary\2.MillionsArticlesOrderedMultiDictionary.csproj", "{8815BE83-D9A7-44E7-947E-09BBA226004F}"
EndProject
Project("{FAE04EC0-301F-11D3-BF4B-00C04F79EFBC}") = "3.BiDictionary", "3.BiDictionary\3.BiDictionary.csproj", "{B302C7DF-C54B-41F7-A681-9B084DAB0394}"
EndProject
Global
	GlobalSection(SolutionConfigurationPlatforms) = preSolution
		Debug|Any CPU = Debug|Any CPU
		Release|Any CPU = Release|Any CPU
	EndGlobalSection
	GlobalSection(ProjectConfigurationPlatforms) = postSolution
		{D8EFE36A-9C0B-4636-BC1C-2DC5A8D31191}.Debug|Any CPU.ActiveCfg = Debug|Any CPU
		{D8EFE36A-9C0B-4636-BC1C-2DC5A8D31191}.Debug|Any CPU.Build.0 = Debug|Any CPU
		{D8EFE36A-9C0B-4636-BC1C-2DC5A8D31191}.Release|Any CPU.ActiveCfg = Release|Any CPU
		{D8EFE36A-9C0B-4636-BC1C-2DC5A8D31191}.Release|Any CPU.Build.0 = Release|Any CPU
		{8815BE83-D9A7-44E7-947E-09BBA226004F}.Debug|Any CPU.ActiveCfg = Debug|Any CPU
		{8815BE83-D9A7-44E7-947E-09BBA226004F}.Debug|Any CPU.Build.0 = Debug|Any CPU
		{8815BE83-D9A7-44E7-947E-09BBA226004F}.Release|Any CPU.ActiveCfg = Release|Any CPU
		{8815BE83-D9A7-44E7-947E-09BBA226004F}.Release|Any CPU.Build.0 = Release|Any CPU
		{B302C7DF-C54B-41F7-A681-9B084DAB0394}.Debug|Any CPU.ActiveCfg = Debug|Any CPU
		{B302C7DF-C54B-41F7-A681-9B084DAB0394}.Debug|Any CPU.Build.0 = Debug|Any CPU
		{B302C7DF-C54B-41F7-A681-9B084DAB0394}.Release|Any CPU.ActiveCfg = Release|Any CPU
		{B302C7DF-C54B-41F7-A681-9B084DAB0394}.Release|Any CPU.Build.0 = Release|Any CPU
	EndGlobalSection
	GlobalSection(SolutionProperties) = preSolution
		HideSolutionNode = FALSE
	EndGlobalSection
EndGlobal
