
Microsoft Visual Studio Solution File, Format Version 12.00
# Visual Studio 2012
Project("{FAE04EC0-301F-11D3-BF4B-00C04F79EFBC}") = "GenerateHtml", "GenerateHtml\GenerateHtml.csproj", "{F98C90FB-0CE5-4747-B468-8082C5B9DF39}"
EndProject
Project("{FAE04EC0-301F-11D3-BF4B-00C04F79EFBC}") = "SupermarketModel", "SupermarketModel\SupermarketModel.csproj", "{39866519-2772-44E4-B578-D5C40B49648F}"
EndProject
Global
	GlobalSection(SolutionConfigurationPlatforms) = preSolution
		Debug|Any CPU = Debug|Any CPU
		Release|Any CPU = Release|Any CPU
	EndGlobalSection
	GlobalSection(ProjectConfigurationPlatforms) = postSolution
		{F98C90FB-0CE5-4747-B468-8082C5B9DF39}.Debug|Any CPU.ActiveCfg = Debug|Any CPU
		{F98C90FB-0CE5-4747-B468-8082C5B9DF39}.Debug|Any CPU.Build.0 = Debug|Any CPU
		{F98C90FB-0CE5-4747-B468-8082C5B9DF39}.Release|Any CPU.ActiveCfg = Release|Any CPU
		{F98C90FB-0CE5-4747-B468-8082C5B9DF39}.Release|Any CPU.Build.0 = Release|Any CPU
		{39866519-2772-44E4-B578-D5C40B49648F}.Debug|Any CPU.ActiveCfg = Debug|Any CPU
		{39866519-2772-44E4-B578-D5C40B49648F}.Debug|Any CPU.Build.0 = Debug|Any CPU
		{39866519-2772-44E4-B578-D5C40B49648F}.Release|Any CPU.ActiveCfg = Release|Any CPU
		{39866519-2772-44E4-B578-D5C40B49648F}.Release|Any CPU.Build.0 = Release|Any CPU
	EndGlobalSection
	GlobalSection(SolutionProperties) = preSolution
		HideSolutionNode = FALSE
	EndGlobalSection
EndGlobal
