
Microsoft Visual Studio Solution File, Format Version 12.00
# Visual Studio 2012
Project("{FAE04EC0-301F-11D3-BF4B-00C04F79EFBC}") = "Catalogue", "Catalogue\Catalogue.csproj", "{1563B93D-36FE-4084-886B-E7196B5DFBAA}"
EndProject
Global
	GlobalSection(SolutionConfigurationPlatforms) = preSolution
		Debug|Any CPU = Debug|Any CPU
		Release|Any CPU = Release|Any CPU
	EndGlobalSection
	GlobalSection(ProjectConfigurationPlatforms) = postSolution
		{1563B93D-36FE-4084-886B-E7196B5DFBAA}.Debug|Any CPU.ActiveCfg = Debug|Any CPU
		{1563B93D-36FE-4084-886B-E7196B5DFBAA}.Debug|Any CPU.Build.0 = Debug|Any CPU
		{1563B93D-36FE-4084-886B-E7196B5DFBAA}.Release|Any CPU.ActiveCfg = Release|Any CPU
		{1563B93D-36FE-4084-886B-E7196B5DFBAA}.Release|Any CPU.Build.0 = Release|Any CPU
	EndGlobalSection
	GlobalSection(SolutionProperties) = preSolution
		HideSolutionNode = FALSE
	EndGlobalSection
EndGlobal
