
Microsoft Visual Studio Solution File, Format Version 12.00
# Visual Studio 2012
Project("{FAE04EC0-301F-11D3-BF4B-00C04F79EFBC}") = "EShop", "EShop\EShop.csproj", "{F69B8CD2-7AE4-45E7-9A71-96A671FD0979}"
EndProject
Global
	GlobalSection(TeamFoundationVersionControl) = preSolution
		SccNumberOfProjects = 2
		SccEnterpriseProvider = {4CA58AB2-18FA-4F8D-95D4-32DDF27D184C}
		SccTeamFoundationServer = https://tfs.codeplex.com/tfs/tfs13
		SccLocalPath0 = .
		SccProjectUniqueName1 = EShop\\EShop.csproj
		SccProjectName1 = EShop
		SccLocalPath1 = EShop
	EndGlobalSection
	GlobalSection(SolutionConfigurationPlatforms) = preSolution
		Debug|Any CPU = Debug|Any CPU
		Release|Any CPU = Release|Any CPU
	EndGlobalSection
	GlobalSection(ProjectConfigurationPlatforms) = postSolution
		{F69B8CD2-7AE4-45E7-9A71-96A671FD0979}.Debug|Any CPU.ActiveCfg = Debug|Any CPU
		{F69B8CD2-7AE4-45E7-9A71-96A671FD0979}.Debug|Any CPU.Build.0 = Debug|Any CPU
		{F69B8CD2-7AE4-45E7-9A71-96A671FD0979}.Release|Any CPU.ActiveCfg = Release|Any CPU
		{F69B8CD2-7AE4-45E7-9A71-96A671FD0979}.Release|Any CPU.Build.0 = Release|Any CPU
	EndGlobalSection
	GlobalSection(SolutionProperties) = preSolution
		HideSolutionNode = FALSE
	EndGlobalSection
EndGlobal
