
Microsoft Visual Studio Solution File, Format Version 12.00
# Visual Studio 2012
Project("{FAE04EC0-301F-11D3-BF4B-00C04F79EFBC}") = "1.Coins", "1.Coins\1.Coins.csproj", "{63873AA1-4B7E-4D1D-8AD1-315445FB90F1}"
EndProject
Project("{FAE04EC0-301F-11D3-BF4B-00C04F79EFBC}") = "2.Triangle", "2.Triangle\2.Triangle.csproj", "{9C445672-F400-4880-ADFC-CF1B2EDBB687}"
EndProject
Global
	GlobalSection(SolutionConfigurationPlatforms) = preSolution
		Debug|Any CPU = Debug|Any CPU
		Release|Any CPU = Release|Any CPU
	EndGlobalSection
	GlobalSection(ProjectConfigurationPlatforms) = postSolution
		{63873AA1-4B7E-4D1D-8AD1-315445FB90F1}.Debug|Any CPU.ActiveCfg = Debug|Any CPU
		{63873AA1-4B7E-4D1D-8AD1-315445FB90F1}.Debug|Any CPU.Build.0 = Debug|Any CPU
		{63873AA1-4B7E-4D1D-8AD1-315445FB90F1}.Release|Any CPU.ActiveCfg = Release|Any CPU
		{63873AA1-4B7E-4D1D-8AD1-315445FB90F1}.Release|Any CPU.Build.0 = Release|Any CPU
		{9C445672-F400-4880-ADFC-CF1B2EDBB687}.Debug|Any CPU.ActiveCfg = Debug|Any CPU
		{9C445672-F400-4880-ADFC-CF1B2EDBB687}.Debug|Any CPU.Build.0 = Debug|Any CPU
		{9C445672-F400-4880-ADFC-CF1B2EDBB687}.Release|Any CPU.ActiveCfg = Release|Any CPU
		{9C445672-F400-4880-ADFC-CF1B2EDBB687}.Release|Any CPU.Build.0 = Release|Any CPU
	EndGlobalSection
	GlobalSection(SolutionProperties) = preSolution
		HideSolutionNode = FALSE
	EndGlobalSection
EndGlobal
