
Microsoft Visual Studio Solution File, Format Version 12.00
# Visual Studio 2012
Project("{FAE04EC0-301F-11D3-BF4B-00C04F79EFBC}") = "1. DOM-Manipulation", "1. DOM-Manipulation\1. DOM-Manipulation.csproj", "{19EB59E4-9E72-4856-8B60-2F540E65029B}"
EndProject
Project("{FAE04EC0-301F-11D3-BF4B-00C04F79EFBC}") = "5. Events", "5. Events\5. Events.csproj", "{A2916C34-C13B-4775-90BF-06E096EDDCC6}"
EndProject
Global
	GlobalSection(SolutionConfigurationPlatforms) = preSolution
		Debug|Any CPU = Debug|Any CPU
		Release|Any CPU = Release|Any CPU
	EndGlobalSection
	GlobalSection(ProjectConfigurationPlatforms) = postSolution
		{19EB59E4-9E72-4856-8B60-2F540E65029B}.Debug|Any CPU.ActiveCfg = Debug|Any CPU
		{19EB59E4-9E72-4856-8B60-2F540E65029B}.Debug|Any CPU.Build.0 = Debug|Any CPU
		{19EB59E4-9E72-4856-8B60-2F540E65029B}.Release|Any CPU.ActiveCfg = Release|Any CPU
		{19EB59E4-9E72-4856-8B60-2F540E65029B}.Release|Any CPU.Build.0 = Release|Any CPU
		{A2916C34-C13B-4775-90BF-06E096EDDCC6}.Debug|Any CPU.ActiveCfg = Debug|Any CPU
		{A2916C34-C13B-4775-90BF-06E096EDDCC6}.Debug|Any CPU.Build.0 = Debug|Any CPU
		{A2916C34-C13B-4775-90BF-06E096EDDCC6}.Release|Any CPU.ActiveCfg = Release|Any CPU
		{A2916C34-C13B-4775-90BF-06E096EDDCC6}.Release|Any CPU.Build.0 = Release|Any CPU
	EndGlobalSection
	GlobalSection(SolutionProperties) = preSolution
		HideSolutionNode = FALSE
	EndGlobalSection
EndGlobal
