
Microsoft Visual Studio Solution File, Format Version 12.00
# Visual Studio 2012
Project("{FAE04EC0-301F-11D3-BF4B-00C04F79EFBC}") = "5. Functions", "5. Functions\5. Functions.csproj", "{987BF279-02C3-4B4C-A16E-DCF17A8C15C3}"
EndProject
Global
	GlobalSection(SolutionConfigurationPlatforms) = preSolution
		Debug|Any CPU = Debug|Any CPU
		Release|Any CPU = Release|Any CPU
	EndGlobalSection
	GlobalSection(ProjectConfigurationPlatforms) = postSolution
		{987BF279-02C3-4B4C-A16E-DCF17A8C15C3}.Debug|Any CPU.ActiveCfg = Debug|Any CPU
		{987BF279-02C3-4B4C-A16E-DCF17A8C15C3}.Debug|Any CPU.Build.0 = Debug|Any CPU
		{987BF279-02C3-4B4C-A16E-DCF17A8C15C3}.Release|Any CPU.ActiveCfg = Release|Any CPU
		{987BF279-02C3-4B4C-A16E-DCF17A8C15C3}.Release|Any CPU.Build.0 = Release|Any CPU
	EndGlobalSection
	GlobalSection(SolutionProperties) = preSolution
		HideSolutionNode = FALSE
	EndGlobalSection
EndGlobal
