
Microsoft Visual Studio Solution File, Format Version 11.00
# Visual Studio 2010
Project("{FAE04EC0-301F-11D3-BF4B-00C04F79EFBC}") = "Student", "CommonTypeSystem\Student.csproj", "{3CA6D01B-924A-410F-9F1F-E28F5CEE4427}"
EndProject
Project("{FAE04EC0-301F-11D3-BF4B-00C04F79EFBC}") = "PersonClass", "PersonClass\PersonClass.csproj", "{114AD863-EC8D-46AD-A256-FA7D9A7C9F05}"
EndProject
Global
	GlobalSection(SolutionConfigurationPlatforms) = preSolution
		Debug|x86 = Debug|x86
		Release|x86 = Release|x86
	EndGlobalSection
	GlobalSection(ProjectConfigurationPlatforms) = postSolution
		{3CA6D01B-924A-410F-9F1F-E28F5CEE4427}.Debug|x86.ActiveCfg = Debug|x86
		{3CA6D01B-924A-410F-9F1F-E28F5CEE4427}.Debug|x86.Build.0 = Debug|x86
		{3CA6D01B-924A-410F-9F1F-E28F5CEE4427}.Release|x86.ActiveCfg = Release|x86
		{3CA6D01B-924A-410F-9F1F-E28F5CEE4427}.Release|x86.Build.0 = Release|x86
		{114AD863-EC8D-46AD-A256-FA7D9A7C9F05}.Debug|x86.ActiveCfg = Debug|x86
		{114AD863-EC8D-46AD-A256-FA7D9A7C9F05}.Debug|x86.Build.0 = Debug|x86
		{114AD863-EC8D-46AD-A256-FA7D9A7C9F05}.Release|x86.ActiveCfg = Release|x86
		{114AD863-EC8D-46AD-A256-FA7D9A7C9F05}.Release|x86.Build.0 = Release|x86
	EndGlobalSection
	GlobalSection(SolutionProperties) = preSolution
		HideSolutionNode = FALSE
	EndGlobalSection
EndGlobal
